
Microsoft Visual Studio Solution File, Format Version 12.00
# Visual Studio 2013
VisualStudioVersion = 12.0.40629.0
MinimumVisualStudioVersion = 10.0.40219.1
Project("{FAE04EC0-301F-11D3-BF4B-00C04F79EFBC}") = "GeocodeService", "GeocodeService\GeocodeService.csproj", "{69D9A22C-0502-4CB0-A761-CCBE6A0CC774}"
	ProjectSection(ProjectDependencies) = postProject
		{0553420C-5044-4970-B971-971B2088E513} = {0553420C-5044-4970-B971-971B2088E513}
	EndProjectSection
EndProject
Project("{2150E333-8FDC-42A3-9474-1A3956D46DE8}") = ".nuget", ".nuget", "{F370DCBE-725F-4529-B0A3-17E3F6339ACD}"
	ProjectSection(SolutionItems) = preProject
		.nuget\NuGet.Config = .nuget\NuGet.Config
		.nuget\NuGet.exe = .nuget\NuGet.exe
		.nuget\NuGet.targets = .nuget\NuGet.targets
	EndProjectSection
EndProject
Project("{FAE04EC0-301F-11D3-BF4B-00C04F79EFBC}") = "RestEL", "RestEL\RestEL.csproj", "{0553420C-5044-4970-B971-971B2088E513}"
EndProject
Global
	GlobalSection(SolutionConfigurationPlatforms) = preSolution
		Debug|Any CPU = Debug|Any CPU
		Dev|Any CPU = Dev|Any CPU
		Release|Any CPU = Release|Any CPU
	EndGlobalSection
	GlobalSection(ProjectConfigurationPlatforms) = postSolution
		{69D9A22C-0502-4CB0-A761-CCBE6A0CC774}.Debug|Any CPU.ActiveCfg = Debug|Any CPU
		{69D9A22C-0502-4CB0-A761-CCBE6A0CC774}.Debug|Any CPU.Build.0 = Debug|Any CPU
		{69D9A22C-0502-4CB0-A761-CCBE6A0CC774}.Dev|Any CPU.ActiveCfg = Dev|Any CPU
		{69D9A22C-0502-4CB0-A761-CCBE6A0CC774}.Dev|Any CPU.Build.0 = Dev|Any CPU
		{69D9A22C-0502-4CB0-A761-CCBE6A0CC774}.Release|Any CPU.ActiveCfg = Release|Any CPU
		{69D9A22C-0502-4CB0-A761-CCBE6A0CC774}.Release|Any CPU.Build.0 = Release|Any CPU
		{0553420C-5044-4970-B971-971B2088E513}.Debug|Any CPU.ActiveCfg = Debug|Any CPU
		{0553420C-5044-4970-B971-971B2088E513}.Debug|Any CPU.Build.0 = Debug|Any CPU
		{0553420C-5044-4970-B971-971B2088E513}.Dev|Any CPU.ActiveCfg = Debug|Any CPU
		{0553420C-5044-4970-B971-971B2088E513}.Dev|Any CPU.Build.0 = Debug|Any CPU
		{0553420C-5044-4970-B971-971B2088E513}.Release|Any CPU.ActiveCfg = Release|Any CPU
		{0553420C-5044-4970-B971-971B2088E513}.Release|Any CPU.Build.0 = Release|Any CPU
	EndGlobalSection
	GlobalSection(SolutionProperties) = preSolution
		HideSolutionNode = FALSE
	EndGlobalSection
EndGlobal
